
Microsoft Visual Studio Solution File, Format Version 12.00
# Visual Studio Version 16
VisualStudioVersion = 16.0.30225.117
MinimumVisualStudioVersion = 10.0.40219.1
Project("{FAE04EC0-301F-11D3-BF4B-00C04F79EFBC}") = "InvoiceApp", "InvoiceApp.csproj", "{92ABA05F-0A4E-4FB9-9F8E-D6DC01368712}"
EndProject
Project("{FAE04EC0-301F-11D3-BF4B-00C04F79EFBC}") = "InvoiceHelper", "InvoiceHelper\InvoiceHelper.csproj", "{AB33BBB0-998F-4161-BC90-42E69BDB10BA}"
EndProject
Project("{FAE04EC0-301F-11D3-BF4B-00C04F79EFBC}") = "InvoiceUtils", "InvoiceUtils\InvoiceUtils.csproj", "{5F19D03D-816A-4247-B22C-3159329859BE}"
EndProject
Project("{FAE04EC0-301F-11D3-BF4B-00C04F79EFBC}") = "iTR.Lib", "..\iTR\iTR.Lib\iTR.Lib.csproj", "{603E8302-8F06-479F-A3F4-ADF2A0A2537D}"
EndProject
Global
	GlobalSection(SolutionConfigurationPlatforms) = preSolution
		Debug|Any CPU = Debug|Any CPU
		Release|Any CPU = Release|Any CPU
	EndGlobalSection
	GlobalSection(ProjectConfigurationPlatforms) = postSolution
		{92ABA05F-0A4E-4FB9-9F8E-D6DC01368712}.Debug|Any CPU.ActiveCfg = Debug|Any CPU
		{92ABA05F-0A4E-4FB9-9F8E-D6DC01368712}.Debug|Any CPU.Build.0 = Debug|Any CPU
		{92ABA05F-0A4E-4FB9-9F8E-D6DC01368712}.Release|Any CPU.ActiveCfg = Release|Any CPU
		{92ABA05F-0A4E-4FB9-9F8E-D6DC01368712}.Release|Any CPU.Build.0 = Release|Any CPU
		{AB33BBB0-998F-4161-BC90-42E69BDB10BA}.Debug|Any CPU.ActiveCfg = Debug|Any CPU
		{AB33BBB0-998F-4161-BC90-42E69BDB10BA}.Debug|Any CPU.Build.0 = Debug|Any CPU
		{AB33BBB0-998F-4161-BC90-42E69BDB10BA}.Release|Any CPU.ActiveCfg = Release|Any CPU
		{AB33BBB0-998F-4161-BC90-42E69BDB10BA}.Release|Any CPU.Build.0 = Release|Any CPU
		{5F19D03D-816A-4247-B22C-3159329859BE}.Debug|Any CPU.ActiveCfg = Debug|Any CPU
		{5F19D03D-816A-4247-B22C-3159329859BE}.Debug|Any CPU.Build.0 = Debug|Any CPU
		{5F19D03D-816A-4247-B22C-3159329859BE}.Release|Any CPU.ActiveCfg = Release|Any CPU
		{5F19D03D-816A-4247-B22C-3159329859BE}.Release|Any CPU.Build.0 = Release|Any CPU
		{603E8302-8F06-479F-A3F4-ADF2A0A2537D}.Debug|Any CPU.ActiveCfg = Debug|Any CPU
		{603E8302-8F06-479F-A3F4-ADF2A0A2537D}.Debug|Any CPU.Build.0 = Debug|Any CPU
		{603E8302-8F06-479F-A3F4-ADF2A0A2537D}.Release|Any CPU.ActiveCfg = Release|Any CPU
		{603E8302-8F06-479F-A3F4-ADF2A0A2537D}.Release|Any CPU.Build.0 = Release|Any CPU
	EndGlobalSection
	GlobalSection(SolutionProperties) = preSolution
		HideSolutionNode = FALSE
	EndGlobalSection
	GlobalSection(ExtensibilityGlobals) = postSolution
		SolutionGuid = {4DAA891C-B101-4861-A766-B8A7F7875812}
	EndGlobalSection
EndGlobal
